
Microsoft Visual Studio Solution File, Format Version 12.00
# Visual Studio 15
VisualStudioVersion = 15.0.28307.102
MinimumVisualStudioVersion = 10.0.40219.1
Project("{FAE04EC0-301F-11D3-BF4B-00C04F79EFBC}") = "NuSmart", "NuSmart\NuSmart.csproj", "{0018E3A8-86AD-4F69-B0E7-F2CA9E8E4570}"
EndProject
Global
	GlobalSection(SolutionConfigurationPlatforms) = preSolution
		Debug|Any CPU = Debug|Any CPU
		Release|Any CPU = Release|Any CPU
	EndGlobalSection
	GlobalSection(ProjectConfigurationPlatforms) = postSolution
		{0018E3A8-86AD-4F69-B0E7-F2CA9E8E4570}.Debug|Any CPU.ActiveCfg = Debug|Any CPU
		{0018E3A8-86AD-4F69-B0E7-F2CA9E8E4570}.Debug|Any CPU.Build.0 = Debug|Any CPU
		{0018E3A8-86AD-4F69-B0E7-F2CA9E8E4570}.Release|Any CPU.ActiveCfg = Release|Any CPU
		{0018E3A8-86AD-4F69-B0E7-F2CA9E8E4570}.Release|Any CPU.Build.0 = Release|Any CPU
	EndGlobalSection
	GlobalSection(SolutionProperties) = preSolution
		HideSolutionNode = FALSE
	EndGlobalSection
	GlobalSection(ExtensibilityGlobals) = postSolution
		SolutionGuid = {8E10AE0F-A497-41EC-B5F0-1BD0520FC7A9}
	EndGlobalSection
EndGlobal
